
Microsoft Visual Studio Solution File, Format Version 12.00
# Visual Studio Version 16
VisualStudioVersion = 16.0.30011.22
MinimumVisualStudioVersion = 10.0.40219.1
Project("{FAE04EC0-301F-11D3-BF4B-00C04F79EFBC}") = "DinerMax3000Console", "DinerMax3000Console\DinerMax3000Console.csproj", "{E782408A-53CD-4385-9279-C75ED80BD2A6}"
EndProject
Global
	GlobalSection(SolutionConfigurationPlatforms) = preSolution
		Debug|Any CPU = Debug|Any CPU
		Release|Any CPU = Release|Any CPU
	EndGlobalSection
	GlobalSection(ProjectConfigurationPlatforms) = postSolution
		{E782408A-53CD-4385-9279-C75ED80BD2A6}.Debug|Any CPU.ActiveCfg = Debug|Any CPU
		{E782408A-53CD-4385-9279-C75ED80BD2A6}.Debug|Any CPU.Build.0 = Debug|Any CPU
		{E782408A-53CD-4385-9279-C75ED80BD2A6}.Release|Any CPU.ActiveCfg = Release|Any CPU
		{E782408A-53CD-4385-9279-C75ED80BD2A6}.Release|Any CPU.Build.0 = Release|Any CPU
	EndGlobalSection
	GlobalSection(SolutionProperties) = preSolution
		HideSolutionNode = FALSE
	EndGlobalSection
	GlobalSection(ExtensibilityGlobals) = postSolution
		SolutionGuid = {B00766BA-8F98-4C23-AAD0-9E462170935B}
	EndGlobalSection
EndGlobal
